// !$*UTF8*$!
{
	archiveVersion = 1;
	classes = {
	};
	objectVersion = 50;
	objects = {

/* Begin PBXBuildFile section */
		13CB2A7924FD6A0D00C6BDD5 /* AppDelegate.swift in Sources */ = {isa = PBXBuildFile; fileRef = 13CB2A7824FD6A0D00C6BDD5 /* AppDelegate.swift */; };
		13CB2A7B24FD6A0D00C6BDD5 /* SceneDelegate.swift in Sources */ = {isa = PBXBuildFile; fileRef = 13CB2A7A24FD6A0D00C6BDD5 /* SceneDelegate.swift */; };
		13CB2A7D24FD6A0D00C6BDD5 /* ContentView.swift in Sources */ = {isa = PBXBuildFile; fileRef = 13CB2A7C24FD6A0D00C6BDD5 /* ContentView.swift */; };
		13CB2A7F24FD6A0F00C6BDD5 /* Assets.xcassets in Resources */ = {isa = PBXBuildFile; fileRef = 13CB2A7E24FD6A0F00C6BDD5 /* Assets.xcassets */; };
		13CB2A8224FD6A0F00C6BDD5 /* Preview Assets.xcassets in Resources */ = {isa = PBXBuildFile; fileRef = 13CB2A8124FD6A0F00C6BDD5 /* Preview Assets.xcassets */; };
		13CB2A8524FD6A0F00C6BDD5 /* LaunchScreen.storyboard in Resources */ = {isa = PBXBuildFile; fileRef = 13CB2A8324FD6A0F00C6BDD5 /* LaunchScreen.storyboard */; };
/* End PBXBuildFile section */

/* Begin PBXFileReference section */
		13CB2A7524FD6A0D00C6BDD5 /* CADebugBug.app */ = {isa = PBXFileReference; explicitFileType = wrapper.application; includeInIndex = 0; path = CADebugBug.app; sourceTree = BUILT_PRODUCTS_DIR; };
		13CB2A7824FD6A0D00C6BDD5 /* AppDelegate.swift */ = {isa = PBXFileReference; lastKnownFileType = sourcecode.swift; path = AppDelegate.swift; sourceTree = "<group>"; };
		13CB2A7A24FD6A0D00C6BDD5 /* SceneDelegate.swift */ = {isa = PBXFileReference; lastKnownFileType = sourcecode.swift; path = SceneDelegate.swift; sourceTree = "<group>"; };
		13CB2A7C24FD6A0D00C6BDD5 /* ContentView.swift */ = {isa = PBXFileReference; lastKnownFileType = sourcecode.swift; path = ContentView.swift; sourceTree = "<group>"; };
		13CB2A7E24FD6A0F00C6BDD5 /* Assets.xcassets */ = {isa = PBXFileReference; lastKnownFileType = folder.assetcatalog; path = Assets.xcassets; sourceTree = "<group>"; };
		13CB2A8124FD6A0F00C6BDD5 /* Preview Assets.xcassets */ = {isa = PBXFileReference; lastKnownFileType = folder.assetcatalog; path = "Preview Assets.xcassets"; sourceTree = "<group>"; };
		13CB2A8424FD6A0F00C6BDD5 /* Base */ = {isa = PBXFileReference; lastKnownFileType = file.storyboard; name = Base; path = Base.lproj/LaunchScreen.storyboard; sourceTree = "<group>"; };
		13CB2A8624FD6A0F00C6BDD5 /* Info.plist */ = {isa = PBXFileReference; lastKnownFileType = text.plist.xml; path = Info.plist; sourceTree = "<group>"; };
/* End PBXFileReference section */

/* Begin PBXFrameworksBuildPhase section */
		13CB2A7224FD6A0D00C6BDD5 /* Frameworks */ = {
			isa = PBXFrameworksBuildPhase;
			buildActionMask = 2147483647;
			files = (
			);
			runOnlyForDeploymentPostprocessing = 0;
		};
/* End PBXFrameworksBuildPhase section */

/* Begin PBXGroup section */
		13CB2A6C24FD6A0D00C6BDD5 = {
			isa = PBXGroup;
			children = (
				13CB2A7724FD6A0D00C6BDD5 /* CADebugBug */,
				13CB2A7624FD6A0D00C6BDD5 /* Products */,
			);
			sourceTree = "<group>";
		};
		13CB2A7624FD6A0D00C6BDD5 /* Products */ = {
			isa = PBXGroup;
			children = (
				13CB2A7524FD6A0D00C6BDD5 /* CADebugBug.app */,
			);
			name = Products;
			sourceTree = "<group>";
		};
		13CB2A7724FD6A0D00C6BDD5 /* CADebugBug */ = {
			isa = PBXGroup;
			children = (
				13CB2A7824FD6A0D00C6BDD5 /* AppDelegate.swift */,
				13CB2A7A24FD6A0D00C6BDD5 /* SceneDelegate.swift */,
				13CB2A7C24FD6A0D00C6BDD5 /* ContentView.swift */,
				13CB2A7E24FD6A0F00C6BDD5 /* Assets.xcassets */,
				13CB2A8324FD6A0F00C6BDD5 /* LaunchScreen.storyboard */,
				13CB2A8624FD6A0F00C6BDD5 /* Info.plist */,
				13CB2A8024FD6A0F00C6BDD5 /* Preview Content */,
			);
			path = CADebugBug;
			sourceTree = "<group>";
		};
		13CB2A8024FD6A0F00C6BDD5 /* Preview Content */ = {
			isa = PBXGroup;
			children = (
				13CB2A8124FD6A0F00C6BDD5 /* Preview Assets.xcassets */,
			);
			path = "Preview Content";
			sourceTree = "<group>";
		};
/* End PBXGroup section */

/* Begin PBXNativeTarget section */
		13CB2A7424FD6A0D00C6BDD5 /* CADebugBug */ = {
			isa = PBXNativeTarget;
			buildConfigurationList = 13CB2A8924FD6A0F00C6BDD5 /* Build configuration list for PBXNativeTarget "CADebugBug" */;
			buildPhases = (
				13CB2A7124FD6A0D00C6BDD5 /* Sources */,
				13CB2A7224FD6A0D00C6BDD5 /* Frameworks */,
				13CB2A7324FD6A0D00C6BDD5 /* Resources */,
			);
			buildRules = (
			);
			dependencies = (
			);
			name = CADebugBug;
			productName = CADebugBug;
			productReference = 13CB2A7524FD6A0D00C6BDD5 /* CADebugBug.app */;
			productType = "com.apple.product-type.application";
		};
/* End PBXNativeTarget section */

/* Begin PBXProject section */
		13CB2A6D24FD6A0D00C6BDD5 /* Project object */ = {
			isa = PBXProject;
			attributes = {
				LastSwiftUpdateCheck = 1160;
				LastUpgradeCheck = 1160;
				ORGANIZATIONNAME = gkaimakas;
				TargetAttributes = {
					13CB2A7424FD6A0D00C6BDD5 = {
						CreatedOnToolsVersion = 11.6;
					};
				};
			};
			buildConfigurationList = 13CB2A7024FD6A0D00C6BDD5 /* Build configuration list for PBXProject "CADebugBug" */;
			compatibilityVersion = "Xcode 9.3";
			developmentRegion = en;
			hasScannedForEncodings = 0;
			knownRegions = (
				en,
				Base,
			);
			mainGroup = 13CB2A6C24FD6A0D00C6BDD5;
			productRefGroup = 13CB2A7624FD6A0D00C6BDD5 /* Products */;
			projectDirPath = "";
			projectRoot = "";
			targets = (
				13CB2A7424FD6A0D00C6BDD5 /* CADebugBug */,
			);
		};
/* End PBXProject section */

/* Begin PBXResourcesBuildPhase section */
		13CB2A7324FD6A0D00C6BDD5 /* Resources */ = {
			isa = PBXResourcesBuildPhase;
			buildActionMask = 2147483647;
			files = (
				13CB2A8524FD6A0F00C6BDD5 /* LaunchScreen.storyboard in Resources */,
				13CB2A8224FD6A0F00C6BDD5 /* Preview Assets.xcassets in Resources */,
				13CB2A7F24FD6A0F00C6BDD5 /* Assets.xcassets in Resources */,
			);
			runOnlyForDeploymentPostprocessing = 0;
		};
/* End PBXResourcesBuildPhase section */

/* Begin PBXSourcesBuildPhase section */
		13CB2A7124FD6A0D00C6BDD5 /* Sources */ = {
			isa = PBXSourcesBuildPhase;
			buildActionMask = 2147483647;
			files = (
				13CB2A7924FD6A0D00C6BDD5 /* AppDelegate.swift in Sources */,
				13CB2A7B24FD6A0D00C6BDD5 /* SceneDelegate.swift in Sources */,
				13CB2A7D24FD6A0D00C6BDD5 /* ContentView.swift in Sources */,
			);
			runOnlyForDeploymentPostprocessing = 0;
		};
/* End PBXSourcesBuildPhase section */

/* Begin PBXVariantGroup section */
		13CB2A8324FD6A0F00C6BDD5 /* LaunchScreen.storyboard */ = {
			isa = PBXVariantGroup;
			children = (
				13CB2A8424FD6A0F00C6BDD5 /* Base */,
			);
			name = LaunchScreen.storyboard;
			sourceTree = "<group>";
		};
/* End PBXVariantGroup section */

/* Begin XCBuildConfiguration section */
		13CB2A8724FD6A0F00C6BDD5 /* Debug */ = {
			isa = XCBuildConfiguration;
			buildSettings = {
				ALWAYS_SEARCH_USER_PATHS = NO;
				CLANG_ANALYZER_NONNULL = YES;
				CLANG_ANALYZER_NUMBER_OBJECT_CONVERSION = YES_AGGRESSIVE;
				CLANG_CXX_LANGUAGE_STANDARD = "gnu++14";
				CLANG_CXX_LIBRARY = "libc++";
				CLANG_ENABLE_MODULES = YES;
				CLANG_ENABLE_OBJC_ARC = YES;
				CLANG_ENABLE_OBJC_WEAK = YES;
				CLANG_WARN_BLOCK_CAPTURE_AUTORELEASING = YES;
				CLANG_WARN_BOOL_CONVERSION = YES;
				CLANG_WARN_COMMA = YES;
				CLANG_WARN_CONSTANT_CONVERSION = YES;
				CLANG_WARN_DEPRECATED_OBJC_IMPLEMENTATIONS = YES;
				CLANG_WARN_DIRECT_OBJC_ISA_USAGE = YES_ERROR;
				CLANG_WARN_DOCUMENTATION_COMMENTS = YES;
				CLANG_WARN_EMPTY_BODY = YES;
				CLANG_WARN_ENUM_CONVERSION = YES;
				CLANG_WARN_INFINITE_RECURSION = YES;
				CLANG_WARN_INT_CONVERSION = YES;
				CLANG_WARN_NON_LITERAL_NULL_CONVERSION = YES;
				CLANG_WARN_OBJC_IMPLICIT_RETAIN_SELF = YES;
				CLANG_WARN_OBJC_LITERAL_CONVERSION = YES;
				CLANG_WARN_OBJC_ROOT_CLASS = YES_ERROR;
				CLANG_WARN_RANGE_LOOP_ANALYSIS = YES;
				CLANG_WARN_STRICT_PROTOTYPES = YES;
				CLANG_WARN_SUSPICIOUS_MOVE = YES;
				CLANG_WARN_UNGUARDED_AVAILABILITY = YES_AGGRESSIVE;
				CLANG_WARN_UNREACHABLE_CODE = YES;
				CLANG_WARN__DUPLICATE_METHOD_MATCH = YES;
				COPY_PHASE_STRIP = NO;
				DEBUG_INFORMATION_FORMAT = dwarf;
				ENABLE_STRICT_OBJC_MSGSEND = YES;
				ENABLE_TESTABILITY = YES;
				GCC_C_LANGUAGE_STANDARD = gnu11;
				GCC_DYNAMIC_NO_PIC = NO;
				GCC_NO_COMMON_BLOCKS = YES;
				GCC_OPTIMIZATION_LEVEL = 0;
				GCC_PREPROCESSOR_DEFINITIONS = (
					"DEBUG=1",
					"$(inherited)",
				);
				GCC_WARN_64_TO_32_BIT_CONVERSION = YES;
				GCC_WARN_ABOUT_RETURN_TYPE = YES_ERROR;
				GCC_WARN_UNDECLARED_SELECTOR = YES;
				GCC_WARN_UNINITIALIZED_AUTOS = YES_AGGRESSIVE;
				GCC_WARN_UNUSED_FUNCTION = YES;
				GCC_WARN_UNUSED_VARIABLE = YES;
				IPHONEOS_DEPLOYMENT_TARGET = 13.6;
				MTL_ENABLE_DEBUG_INFO = INCLUDE_SOURCE;
				MTL_FAST_MATH = YES;
				ONLY_ACTIVE_ARCH = YES;
				SDKROOT = iphoneos;
				SWIFT_ACTIVE_COMPILATION_CONDITIONS = DEBUG;
				SWIFT_OPTIMIZATION_LEVEL = "-Onone";
			};
			name = Debug;
		};
		13CB2A8824FD6A0F00C6BDD5 /* Release */ = {
			isa = XCBuildConfiguration;
			buildSettings = {
				ALWAYS_SEARCH_USER_PATHS = NO;
				CLANG_ANALYZER_NONNULL = YES;
				CLANG_ANALYZER_NUMBER_OBJECT_CONVERSION = YES_AGGRESSIVE;
				CLANG_CXX_LANGUAGE_STANDARD = "gnu++14";
				CLANG_CXX_LIBRARY = "libc++";
				CLANG_ENABLE_MODULES = YES;
				CLANG_ENABLE_OBJC_ARC = YES;
				CLANG_ENABLE_OBJC_WEAK = YES;
				CLANG_WARN_BLOCK_CAPTURE_AUTORELEASING = YES;
				CLANG_WARN_BOOL_CONVERSION = YES;
				CLANG_WARN_COMMA = YES;
				CLANG_WARN_CONSTANT_CONVERSION = YES;
				CLANG_WARN_DEPRECATED_OBJC_IMPLEMENTATIONS = YES;
				CLANG_WARN_DIRECT_OBJC_ISA_USAGE = YES_ERROR;
				CLANG_WARN_DOCUMENTATION_COMMENTS = YES;
				CLANG_WARN_EMPTY_BODY = YES;
				CLANG_WARN_ENUM_CONVERSION = YES;
				CLANG_WARN_INFINITE_RECURSION = YES;
				CLANG_WARN_INT_CONVERSION = YES;
				CLANG_WARN_NON_LITERAL_NULL_CONVERSION = YES;
				CLANG_WARN_OBJC_IMPLICIT_RETAIN_SELF = YES;
				CLANG_WARN_OBJC_LITERAL_CONVERSION = YES;
				CLANG_WARN_OBJC_ROOT_CLASS = YES_ERROR;
				CLANG_WARN_RANGE_LOOP_ANALYSIS = YES;
				CLANG_WARN_STRICT_PROTOTYPES = YES;
				CLANG_WARN_SUSPICIOUS_MOVE = YES;
				CLANG_WARN_UNGUARDED_AVAILABILITY = YES_AGGRESSIVE;
				CLANG_WARN_UNREACHABLE_CODE = YES;
				CLANG_WARN__DUPLICATE_METHOD_MATCH = YES;
				COPY_PHASE_STRIP = NO;
				DEBUG_INFORMATION_FORMAT = "dwarf-with-dsym";
				ENABLE_NS_ASSERTIONS = NO;
				ENABLE_STRICT_OBJC_MSGSEND = YES;
				GCC_C_LANGUAGE_STANDARD = gnu11;
				GCC_NO_COMMON_BLOCKS = YES;
				GCC_WARN_64_TO_32_BIT_CONVERSION = YES;
				GCC_WARN_ABOUT_RETURN_TYPE = YES_ERROR;
				GCC_WARN_UNDECLARED_SELECTOR = YES;
				GCC_WARN_UNINITIALIZED_AUTOS = YES_AGGRESSIVE;
				GCC_WARN_UNUSED_FUNCTION = YES;
				GCC_WARN_UNUSED_VARIABLE = YES;
				IPHONEOS_DEPLOYMENT_TARGET = 13.6;
				MTL_ENABLE_DEBUG_INFO = NO;
				MTL_FAST_MATH = YES;
				SDKROOT = iphoneos;
				SWIFT_COMPILATION_MODE = wholemodule;
				SWIFT_OPTIMIZATION_LEVEL = "-O";
				VALIDATE_PRODUCT = YES;
			};
			name = Release;
		};
		13CB2A8A24FD6A0F00C6BDD5 /* Debug */ = {
			isa = XCBuildConfiguration;
			buildSettings = {
				ASSETCATALOG_COMPILER_APPICON_NAME = AppIcon;
				CODE_SIGN_STYLE = Automatic;
				DEVELOPMENT_ASSET_PATHS = "\"CADebugBug/Preview Content\"";
				DEVELOPMENT_TEAM = QXTC99N7FG;
				ENABLE_PREVIEWS = YES;
				INFOPLIST_FILE = CADebugBug/Info.plist;
				LD_RUNPATH_SEARCH_PATHS = (
					"$(inherited)",
					"@executable_path/Frameworks",
				);
				PRODUCT_BUNDLE_IDENTIFIER = com.gkaimakas.CADebugBug;
				PRODUCT_NAME = "$(TARGET_NAME)";
				SWIFT_VERSION = 5.0;
				TARGETED_DEVICE_FAMILY = "1,2";
			};
			name = Debug;
		};
		13CB2A8B24FD6A0F00C6BDD5 /* Release */ = {
			isa = XCBuildConfiguration;
			buildSettings = {
				ASSETCATALOG_COMPILER_APPICON_NAME = AppIcon;
				CODE_SIGN_STYLE = Automatic;
				DEVELOPMENT_ASSET_PATHS = "\"CADebugBug/Preview Content\"";
				DEVELOPMENT_TEAM = QXTC99N7FG;
				ENABLE_PREVIEWS = YES;
				INFOPLIST_FILE = CADebugBug/Info.plist;
				LD_RUNPATH_SEARCH_PATHS = (
					"$(inherited)",
					"@executable_path/Frameworks",
				);
				PRODUCT_BUNDLE_IDENTIFIER = com.gkaimakas.CADebugBug;
				PRODUCT_NAME = "$(TARGET_NAME)";
				SWIFT_VERSION = 5.0;
				TARGETED_DEVICE_FAMILY = "1,2";
			};
			name = Release;
		};
/* End XCBuildConfiguration section */

/* Begin XCConfigurationList section */
		13CB2A7024FD6A0D00C6BDD5 /* Build configuration list for PBXProject "CADebugBug" */ = {
			isa = XCConfigurationList;
			buildConfigurations = (
				13CB2A8724FD6A0F00C6BDD5 /* Debug */,
				13CB2A8824FD6A0F00C6BDD5 /* Release */,
			);
			defaultConfigurationIsVisible = 0;
			defaultConfigurationName = Release;
		};
		13CB2A8924FD6A0F00C6BDD5 /* Build configuration list for PBXNativeTarget "CADebugBug" */ = {
			isa = XCConfigurationList;
			buildConfigurations = (
				13CB2A8A24FD6A0F00C6BDD5 /* Debug */,
				13CB2A8B24FD6A0F00C6BDD5 /* Release */,
			);
			defaultConfigurationIsVisible = 0;
			defaultConfigurationName = Release;
		};
/* End XCConfigurationList section */
	};
	rootObject = 13CB2A6D24FD6A0D00C6BDD5 /* Project object */;
}
